// !$*UTF8*$!
{
	archiveVersion = 1;
	classes = {
	};
	objectVersion = 46;
	objects = {

/* Begin PBXBuildFile section */
		4A6B40951B78A052004DDD3D /* Avenueofstars.storyboard in Resources */ = {isa = PBXBuildFile; fileRef = 4A6B40921B78A052004DDD3D /* Avenueofstars.storyboard */; };
		4A6B40991B78A338004DDD3D /* AvenueofastarsCollection.m in Sources */ = {isa = PBXBuildFile; fileRef = 4A6B40981B78A338004DDD3D /* AvenueofastarsCollection.m */; };
		4A6B409C1B78A4C5004DDD3D /* StarsCollectionHeaderView.m in Sources */ = {isa = PBXBuildFile; fileRef = 4A6B409B1B78A4C5004DDD3D /* StarsCollectionHeaderView.m */; };
		4A6B409E1B78A5D7004DDD3D /* UIKit.framework in Frameworks */ = {isa = PBXBuildFile; fileRef = 4A6B409D1B78A5D7004DDD3D /* UIKit.framework */; };
		4A6B40C51B798555004DDD3D /* a.png in Resources */ = {isa = PBXBuildFile; fileRef = 4A6B40C41B798555004DDD3D /* a.png */; };
		4A6B40CA1B79D777004DDD3D /* 底.png in Resources */ = {isa = PBXBuildFile; fileRef = 4A6B40C91B79D777004DDD3D /* 底.png */; };
		4A6B40CE1B79DBEC004DDD3D /* 详情说明.png in Resources */ = {isa = PBXBuildFile; fileRef = 4A6B40CD1B79DBEC004DDD3D /* 详情说明.png */; };
		4A6B40D41B7AED26004DDD3D /* AVPlayTableViewController.m in Sources */ = {isa = PBXBuildFile; fileRef = 4A6B40D31B7AED26004DDD3D /* AVPlayTableViewController.m */; };
		4A6B40D71B7AF043004DDD3D /* AVTableViewCell.m in Sources */ = {isa = PBXBuildFile; fileRef = 4A6B40D61B7AF043004DDD3D /* AVTableViewCell.m */; };
		4A6B40E41B7B23E0004DDD3D /* ChiDCollectionViewController.m in Sources */ = {isa = PBXBuildFile; fileRef = 4A6B40E31B7B23E0004DDD3D /* ChiDCollectionViewController.m */; };
		4A6B40E71B7B24B4004DDD3D /* ChiDCollectionReusableView.m in Sources */ = {isa = PBXBuildFile; fileRef = 4A6B40E61B7B24B4004DDD3D /* ChiDCollectionReusableView.m */; };
		4A6B40EA1B7B30D8004DDD3D /* ShowStart.m in Sources */ = {isa = PBXBuildFile; fileRef = 4A6B40E91B7B30D8004DDD3D /* ShowStart.m */; };
		4A6B40ED1B7B7E13004DDD3D /* dddCollectionViewCell.m in Sources */ = {isa = PBXBuildFile; fileRef = 4A6B40EC1B7B7E13004DDD3D /* dddCollectionViewCell.m */; };
		4A6B40EF1B7B80F2004DDD3D /* Jjian.xib in Resources */ = {isa = PBXBuildFile; fileRef = 4A6B40EE1B7B80F2004DDD3D /* Jjian.xib */; };
		4A6B40F21B7B880C004DDD3D /* AvenuefaCollectionViewCell.m in Sources */ = {isa = PBXBuildFile; fileRef = 4A6B40F11B7B880C004DDD3D /* AvenuefaCollectionViewCell.m */; };
		4A6B40FA1B7C864C004DDD3D /* 模特大赛图标.png in Resources */ = {isa = PBXBuildFile; fileRef = 4A6B40F91B7C864C004DDD3D /* 模特大赛图标.png */; };
		4A6B40FC1B7C8658004DDD3D /* 最美童声图标.png in Resources */ = {isa = PBXBuildFile; fileRef = 4A6B40FB1B7C8658004DDD3D /* 最美童声图标.png */; };
		4A6B40FE1B7C8689004DDD3D /* 星光大道图标.png in Resources */ = {isa = PBXBuildFile; fileRef = 4A6B40FD1B7C8689004DDD3D /* 星光大道图标.png */; };
		4A7BE4141B76F5FA00F53E64 /* main.m in Sources */ = {isa = PBXBuildFile; fileRef = 4A7BE4131B76F5FA00F53E64 /* main.m */; };
		4A7BE4171B76F5FA00F53E64 /* AppDelegate.m in Sources */ = {isa = PBXBuildFile; fileRef = 4A7BE4161B76F5FA00F53E64 /* AppDelegate.m */; };
		4A7BE41A1B76F5FA00F53E64 /* ViewController.m in Sources */ = {isa = PBXBuildFile; fileRef = 4A7BE4191B76F5FA00F53E64 /* ViewController.m */; };
		4A7BE41D1B76F5FA00F53E64 /* Main.storyboard in Resources */ = {isa = PBXBuildFile; fileRef = 4A7BE41B1B76F5FA00F53E64 /* Main.storyboard */; };
		4A7BE41F1B76F5FA00F53E64 /* Images.xcassets in Resources */ = {isa = PBXBuildFile; fileRef = 4A7BE41E1B76F5FA00F53E64 /* Images.xcassets */; };
		4A7BE4221B76F5FA00F53E64 /* LaunchScreen.xib in Resources */ = {isa = PBXBuildFile; fileRef = 4A7BE4201B76F5FA00F53E64 /* LaunchScreen.xib */; };
		4A7BE42E1B76F5FB00F53E64 /* shipinTests.m in Sources */ = {isa = PBXBuildFile; fileRef = 4A7BE42D1B76F5FB00F53E64 /* shipinTests.m */; };
		4A7BE4381B76F6AC00F53E64 /* MediaPlayer.framework in Frameworks */ = {isa = PBXBuildFile; fileRef = 4A7BE4371B76F6AB00F53E64 /* MediaPlayer.framework */; };
		4A7BE43A1B76FF6C00F53E64 /* AVFoundation.framework in Frameworks */ = {isa = PBXBuildFile; fileRef = 4A7BE4391B76FF6C00F53E64 /* AVFoundation.framework */; };
		8F5030A61BAFFB4E00F7E08A /* EnrollViewController.m in Sources */ = {isa = PBXBuildFile; fileRef = 8F5030A51BAFFB4E00F7E08A /* EnrollViewController.m */; settings = {ASSET_TAGS = (); }; };
/* End PBXBuildFile section */

/* Begin PBXContainerItemProxy section */
		4A7BE4281B76F5FB00F53E64 /* PBXContainerItemProxy */ = {
			isa = PBXContainerItemProxy;
			containerPortal = 4A7BE4061B76F5FA00F53E64 /* Project object */;
			proxyType = 1;
			remoteGlobalIDString = 4A7BE40D1B76F5FA00F53E64;
			remoteInfo = shipin;
		};
/* End PBXContainerItemProxy section */

/* Begin PBXFileReference section */
		4A6B40921B78A052004DDD3D /* Avenueofstars.storyboard */ = {isa = PBXFileReference; fileEncoding = 4; lastKnownFileType = file.storyboard; path = Avenueofstars.storyboard; sourceTree = "<group>"; };
		4A6B40971B78A338004DDD3D /* AvenueofastarsCollection.h */ = {isa = PBXFileReference; fileEncoding = 4; lastKnownFileType = sourcecode.c.h; path = AvenueofastarsCollection.h; sourceTree = "<group>"; };
		4A6B40981B78A338004DDD3D /* AvenueofastarsCollection.m */ = {isa = PBXFileReference; fileEncoding = 4; lastKnownFileType = sourcecode.c.objc; path = AvenueofastarsCollection.m; sourceTree = "<group>"; wrapsLines = 1; };
		4A6B409A1B78A4C5004DDD3D /* StarsCollectionHeaderView.h */ = {isa = PBXFileReference; fileEncoding = 4; lastKnownFileType = sourcecode.c.h; path = StarsCollectionHeaderView.h; sourceTree = "<group>"; };
		4A6B409B1B78A4C5004DDD3D /* StarsCollectionHeaderView.m */ = {isa = PBXFileReference; fileEncoding = 4; lastKnownFileType = sourcecode.c.objc; path = StarsCollectionHeaderView.m; sourceTree = "<group>"; };
		4A6B409D1B78A5D7004DDD3D /* UIKit.framework */ = {isa = PBXFileReference; lastKnownFileType = wrapper.framework; name = UIKit.framework; path = System/Library/Frameworks/UIKit.framework; sourceTree = SDKROOT; };
		4A6B40C41B798555004DDD3D /* a.png */ = {isa = PBXFileReference; lastKnownFileType = image.png; path = a.png; sourceTree = "<group>"; };
		4A6B40C91B79D777004DDD3D /* 底.png */ = {isa = PBXFileReference; lastKnownFileType = image.png; path = "底.png"; sourceTree = "<group>"; };
		4A6B40CD1B79DBEC004DDD3D /* 详情说明.png */ = {isa = PBXFileReference; lastKnownFileType = image.png; name = "详情说明.png"; path = "../详情说明.png"; sourceTree = "<group>"; };
		4A6B40D21B7AED26004DDD3D /* AVPlayTableViewController.h */ = {isa = PBXFileReference; fileEncoding = 4; lastKnownFileType = sourcecode.c.h; path = AVPlayTableViewController.h; sourceTree = "<group>"; };
		4A6B40D31B7AED26004DDD3D /* AVPlayTableViewController.m */ = {isa = PBXFileReference; fileEncoding = 4; lastKnownFileType = sourcecode.c.objc; path = AVPlayTableViewController.m; sourceTree = "<group>"; };
		4A6B40D51B7AF043004DDD3D /* AVTableViewCell.h */ = {isa = PBXFileReference; fileEncoding = 4; lastKnownFileType = sourcecode.c.h; path = AVTableViewCell.h; sourceTree = "<group>"; };
		4A6B40D61B7AF043004DDD3D /* AVTableViewCell.m */ = {isa = PBXFileReference; fileEncoding = 4; lastKnownFileType = sourcecode.c.objc; path = AVTableViewCell.m; sourceTree = "<group>"; };
		4A6B40E21B7B23E0004DDD3D /* ChiDCollectionViewController.h */ = {isa = PBXFileReference; fileEncoding = 4; lastKnownFileType = sourcecode.c.h; path = ChiDCollectionViewController.h; sourceTree = "<group>"; };
		4A6B40E31B7B23E0004DDD3D /* ChiDCollectionViewController.m */ = {isa = PBXFileReference; fileEncoding = 4; lastKnownFileType = sourcecode.c.objc; path = ChiDCollectionViewController.m; sourceTree = "<group>"; };
		4A6B40E51B7B24B4004DDD3D /* ChiDCollectionReusableView.h */ = {isa = PBXFileReference; fileEncoding = 4; lastKnownFileType = sourcecode.c.h; path = ChiDCollectionReusableView.h; sourceTree = "<group>"; };
		4A6B40E61B7B24B4004DDD3D /* ChiDCollectionReusableView.m */ = {isa = PBXFileReference; fileEncoding = 4; lastKnownFileType = sourcecode.c.objc; path = ChiDCollectionReusableView.m; sourceTree = "<group>"; };
		4A6B40E81B7B30D8004DDD3D /* ShowStart.h */ = {isa = PBXFileReference; fileEncoding = 4; lastKnownFileType = sourcecode.c.h; path = ShowStart.h; sourceTree = "<group>"; };
		4A6B40E91B7B30D8004DDD3D /* ShowStart.m */ = {isa = PBXFileReference; fileEncoding = 4; lastKnownFileType = sourcecode.c.objc; path = ShowStart.m; sourceTree = "<group>"; };
		4A6B40EB1B7B7E13004DDD3D /* dddCollectionViewCell.h */ = {isa = PBXFileReference; fileEncoding = 4; lastKnownFileType = sourcecode.c.h; path = dddCollectionViewCell.h; sourceTree = "<group>"; };
		4A6B40EC1B7B7E13004DDD3D /* dddCollectionViewCell.m */ = {isa = PBXFileReference; fileEncoding = 4; lastKnownFileType = sourcecode.c.objc; path = dddCollectionViewCell.m; sourceTree = "<group>"; };
		4A6B40EE1B7B80F2004DDD3D /* Jjian.xib */ = {isa = PBXFileReference; fileEncoding = 4; lastKnownFileType = file.xib; path = Jjian.xib; sourceTree = "<group>"; };
		4A6B40F01B7B880C004DDD3D /* AvenuefaCollectionViewCell.h */ = {isa = PBXFileReference; fileEncoding = 4; lastKnownFileType = sourcecode.c.h; path = AvenuefaCollectionViewCell.h; sourceTree = "<group>"; };
		4A6B40F11B7B880C004DDD3D /* AvenuefaCollectionViewCell.m */ = {isa = PBXFileReference; fileEncoding = 4; lastKnownFileType = sourcecode.c.objc; path = AvenuefaCollectionViewCell.m; sourceTree = "<group>"; };
		4A6B40F91B7C864C004DDD3D /* 模特大赛图标.png */ = {isa = PBXFileReference; lastKnownFileType = image.png; path = "模特大赛图标.png"; sourceTree = "<group>"; };
		4A6B40FB1B7C8658004DDD3D /* 最美童声图标.png */ = {isa = PBXFileReference; lastKnownFileType = image.png; path = "最美童声图标.png"; sourceTree = "<group>"; };
		4A6B40FD1B7C8689004DDD3D /* 星光大道图标.png */ = {isa = PBXFileReference; lastKnownFileType = image.png; path = "星光大道图标.png"; sourceTree = "<group>"; };
		4A7BE40E1B76F5FA00F53E64 /* shipin.app */ = {isa = PBXFileReference; explicitFileType = wrapper.application; includeInIndex = 0; path = shipin.app; sourceTree = BUILT_PRODUCTS_DIR; };
		4A7BE4121B76F5FA00F53E64 /* Info.plist */ = {isa = PBXFileReference; lastKnownFileType = text.plist.xml; path = Info.plist; sourceTree = "<group>"; };
		4A7BE4131B76F5FA00F53E64 /* main.m */ = {isa = PBXFileReference; lastKnownFileType = sourcecode.c.objc; path = main.m; sourceTree = "<group>"; };
		4A7BE4151B76F5FA00F53E64 /* AppDelegate.h */ = {isa = PBXFileReference; lastKnownFileType = sourcecode.c.h; path = AppDelegate.h; sourceTree = "<group>"; };
		4A7BE4161B76F5FA00F53E64 /* AppDelegate.m */ = {isa = PBXFileReference; lastKnownFileType = sourcecode.c.objc; path = AppDelegate.m; sourceTree = "<group>"; };
		4A7BE4181B76F5FA00F53E64 /* ViewController.h */ = {isa = PBXFileReference; lastKnownFileType = sourcecode.c.h; path = ViewController.h; sourceTree = "<group>"; };
		4A7BE4191B76F5FA00F53E64 /* ViewController.m */ = {isa = PBXFileReference; lastKnownFileType = sourcecode.c.objc; path = ViewController.m; sourceTree = "<group>"; };
		4A7BE41C1B76F5FA00F53E64 /* Base */ = {isa = PBXFileReference; lastKnownFileType = file.storyboard; name = Base; path = Base.lproj/Main.storyboard; sourceTree = "<group>"; };
		4A7BE41E1B76F5FA00F53E64 /* Images.xcassets */ = {isa = PBXFileReference; lastKnownFileType = folder.assetcatalog; path = Images.xcassets; sourceTree = "<group>"; };
		4A7BE4211B76F5FA00F53E64 /* Base */ = {isa = PBXFileReference; lastKnownFileType = file.xib; name = Base; path = Base.lproj/LaunchScreen.xib; sourceTree = "<group>"; };
		4A7BE4271B76F5FB00F53E64 /* shipinTests.xctest */ = {isa = PBXFileReference; explicitFileType = wrapper.cfbundle; includeInIndex = 0; path = shipinTests.xctest; sourceTree = BUILT_PRODUCTS_DIR; };
		4A7BE42C1B76F5FB00F53E64 /* Info.plist */ = {isa = PBXFileReference; lastKnownFileType = text.plist.xml; path = Info.plist; sourceTree = "<group>"; };
		4A7BE42D1B76F5FB00F53E64 /* shipinTests.m */ = {isa = PBXFileReference; lastKnownFileType = sourcecode.c.objc; path = shipinTests.m; sourceTree = "<group>"; };
		4A7BE4371B76F6AB00F53E64 /* MediaPlayer.framework */ = {isa = PBXFileReference; lastKnownFileType = wrapper.framework; name = MediaPlayer.framework; path = System/Library/Frameworks/MediaPlayer.framework; sourceTree = SDKROOT; };
		4A7BE4391B76FF6C00F53E64 /* AVFoundation.framework */ = {isa = PBXFileReference; lastKnownFileType = wrapper.framework; name = AVFoundation.framework; path = System/Library/Frameworks/AVFoundation.framework; sourceTree = SDKROOT; };
		8F5030A41BAFFB4E00F7E08A /* EnrollViewController.h */ = {isa = PBXFileReference; fileEncoding = 4; lastKnownFileType = sourcecode.c.h; path = EnrollViewController.h; sourceTree = "<group>"; };
		8F5030A51BAFFB4E00F7E08A /* EnrollViewController.m */ = {isa = PBXFileReference; fileEncoding = 4; lastKnownFileType = sourcecode.c.objc; path = EnrollViewController.m; sourceTree = "<group>"; };
/* End PBXFileReference section */

/* Begin PBXFrameworksBuildPhase section */
		4A7BE40B1B76F5FA00F53E64 /* Frameworks */ = {
			isa = PBXFrameworksBuildPhase;
			buildActionMask = 2147483647;
			files = (
				4A6B409E1B78A5D7004DDD3D /* UIKit.framework in Frameworks */,
				4A7BE43A1B76FF6C00F53E64 /* AVFoundation.framework in Frameworks */,
				4A7BE4381B76F6AC00F53E64 /* MediaPlayer.framework in Frameworks */,
			);
			runOnlyForDeploymentPostprocessing = 0;
		};
		4A7BE4241B76F5FB00F53E64 /* Frameworks */ = {
			isa = PBXFrameworksBuildPhase;
			buildActionMask = 2147483647;
			files = (
			);
			runOnlyForDeploymentPostprocessing = 0;
		};
/* End PBXFrameworksBuildPhase section */

/* Begin PBXGroup section */
		4A6B40D81B7AF8F3004DDD3D /* 首页 */ = {
			isa = PBXGroup;
			children = (
				4A6B40971B78A338004DDD3D /* AvenueofastarsCollection.h */,
				4A6B40981B78A338004DDD3D /* AvenueofastarsCollection.m */,
				4A6B40F01B7B880C004DDD3D /* AvenuefaCollectionViewCell.h */,
				4A6B40F11B7B880C004DDD3D /* AvenuefaCollectionViewCell.m */,
				4A6B409A1B78A4C5004DDD3D /* StarsCollectionHeaderView.h */,
				4A6B409B1B78A4C5004DDD3D /* StarsCollectionHeaderView.m */,
			);
			name = "首页";
			sourceTree = "<group>";
		};
		4A6B40D91B7B2010004DDD3D /* 报名 */ = {
			isa = PBXGroup;
			children = (
				8F5030A41BAFFB4E00F7E08A /* EnrollViewController.h */,
				8F5030A51BAFFB4E00F7E08A /* EnrollViewController.m */,
			);
			name = "报名";
			sourceTree = "<group>";
		};
		4A6B40DA1B7B20F6004DDD3D /* 播放 */ = {
			isa = PBXGroup;
			children = (
				4A6B40D51B7AF043004DDD3D /* AVTableViewCell.h */,
				4A6B40D61B7AF043004DDD3D /* AVTableViewCell.m */,
				4A6B40D21B7AED26004DDD3D /* AVPlayTableViewController.h */,
				4A6B40D31B7AED26004DDD3D /* AVPlayTableViewController.m */,
			);
			name = "播放";
			sourceTree = "<group>";
		};
		4A6B40DB1B7B21F4004DDD3D /* 栏目分类 */ = {
			isa = PBXGroup;
			children = (
				4A6B40E21B7B23E0004DDD3D /* ChiDCollectionViewController.h */,
				4A6B40E31B7B23E0004DDD3D /* ChiDCollectionViewController.m */,
				4A6B40E51B7B24B4004DDD3D /* ChiDCollectionReusableView.h */,
				4A6B40E61B7B24B4004DDD3D /* ChiDCollectionReusableView.m */,
				4A6B40EB1B7B7E13004DDD3D /* dddCollectionViewCell.h */,
				4A6B40EC1B7B7E13004DDD3D /* dddCollectionViewCell.m */,
			);
			name = "栏目分类";
			sourceTree = "<group>";
		};
		4A7BE4051B76F5FA00F53E64 = {
			isa = PBXGroup;
			children = (
				4A6B409D1B78A5D7004DDD3D /* UIKit.framework */,
				4A7BE4391B76FF6C00F53E64 /* AVFoundation.framework */,
				4A7BE4371B76F6AB00F53E64 /* MediaPlayer.framework */,
				4A7BE4101B76F5FA00F53E64 /* shipin */,
				4A7BE42A1B76F5FB00F53E64 /* shipinTests */,
				4A7BE40F1B76F5FA00F53E64 /* Products */,
			);
			sourceTree = "<group>";
		};
		4A7BE40F1B76F5FA00F53E64 /* Products */ = {
			isa = PBXGroup;
			children = (
				4A7BE40E1B76F5FA00F53E64 /* shipin.app */,
				4A7BE4271B76F5FB00F53E64 /* shipinTests.xctest */,
			);
			name = Products;
			sourceTree = "<group>";
		};
		4A7BE4101B76F5FA00F53E64 /* shipin */ = {
			isa = PBXGroup;
			children = (
				4A6B40DB1B7B21F4004DDD3D /* 栏目分类 */,
				4A6B40DA1B7B20F6004DDD3D /* 播放 */,
				4A6B40D91B7B2010004DDD3D /* 报名 */,
				4A6B40D81B7AF8F3004DDD3D /* 首页 */,
				4A6B40921B78A052004DDD3D /* Avenueofstars.storyboard */,
				4A6B40EE1B7B80F2004DDD3D /* Jjian.xib */,
				4A6B40FD1B7C8689004DDD3D /* 星光大道图标.png */,
				4A6B40FB1B7C8658004DDD3D /* 最美童声图标.png */,
				4A6B40F91B7C864C004DDD3D /* 模特大赛图标.png */,
				4A6B40C41B798555004DDD3D /* a.png */,
				4A6B40C91B79D777004DDD3D /* 底.png */,
				4A6B40CD1B79DBEC004DDD3D /* 详情说明.png */,
				4A7BE4151B76F5FA00F53E64 /* AppDelegate.h */,
				4A7BE4161B76F5FA00F53E64 /* AppDelegate.m */,
				4A7BE4181B76F5FA00F53E64 /* ViewController.h */,
				4A7BE4191B76F5FA00F53E64 /* ViewController.m */,
				4A7BE41B1B76F5FA00F53E64 /* Main.storyboard */,
				4A7BE41E1B76F5FA00F53E64 /* Images.xcassets */,
				4A7BE4201B76F5FA00F53E64 /* LaunchScreen.xib */,
				4A7BE4111B76F5FA00F53E64 /* Supporting Files */,
				4A6B40E81B7B30D8004DDD3D /* ShowStart.h */,
				4A6B40E91B7B30D8004DDD3D /* ShowStart.m */,
			);
			path = shipin;
			sourceTree = "<group>";
		};
		4A7BE4111B76F5FA00F53E64 /* Supporting Files */ = {
			isa = PBXGroup;
			children = (
				4A7BE4121B76F5FA00F53E64 /* Info.plist */,
				4A7BE4131B76F5FA00F53E64 /* main.m */,
			);
			name = "Supporting Files";
			sourceTree = "<group>";
		};
		4A7BE42A1B76F5FB00F53E64 /* shipinTests */ = {
			isa = PBXGroup;
			children = (
				4A7BE42D1B76F5FB00F53E64 /* shipinTests.m */,
				4A7BE42B1B76F5FB00F53E64 /* Supporting Files */,
			);
			path = shipinTests;
			sourceTree = "<group>";
		};
		4A7BE42B1B76F5FB00F53E64 /* Supporting Files */ = {
			isa = PBXGroup;
			children = (
				4A7BE42C1B76F5FB00F53E64 /* Info.plist */,
			);
			name = "Supporting Files";
			sourceTree = "<group>";
		};
/* End PBXGroup section */

/* Begin PBXNativeTarget section */
		4A7BE40D1B76F5FA00F53E64 /* shipin */ = {
			isa = PBXNativeTarget;
			buildConfigurationList = 4A7BE4311B76F5FB00F53E64 /* Build configuration list for PBXNativeTarget "shipin" */;
			buildPhases = (
				4A7BE40A1B76F5FA00F53E64 /* Sources */,
				4A7BE40B1B76F5FA00F53E64 /* Frameworks */,
				4A7BE40C1B76F5FA00F53E64 /* Resources */,
			);
			buildRules = (
			);
			dependencies = (
			);
			name = shipin;
			productName = shipin;
			productReference = 4A7BE40E1B76F5FA00F53E64 /* shipin.app */;
			productType = "com.apple.product-type.application";
		};
		4A7BE4261B76F5FB00F53E64 /* shipinTests */ = {
			isa = PBXNativeTarget;
			buildConfigurationList = 4A7BE4341B76F5FB00F53E64 /* Build configuration list for PBXNativeTarget "shipinTests" */;
			buildPhases = (
				4A7BE4231B76F5FB00F53E64 /* Sources */,
				4A7BE4241B76F5FB00F53E64 /* Frameworks */,
				4A7BE4251B76F5FB00F53E64 /* Resources */,
			);
			buildRules = (
			);
			dependencies = (
				4A7BE4291B76F5FB00F53E64 /* PBXTargetDependency */,
			);
			name = shipinTests;
			productName = shipinTests;
			productReference = 4A7BE4271B76F5FB00F53E64 /* shipinTests.xctest */;
			productType = "com.apple.product-type.bundle.unit-test";
		};
/* End PBXNativeTarget section */

/* Begin PBXProject section */
		4A7BE4061B76F5FA00F53E64 /* Project object */ = {
			isa = PBXProject;
			attributes = {
				LastUpgradeCheck = 0630;
				ORGANIZATIONNAME = "乐知学院";
				TargetAttributes = {
					4A7BE40D1B76F5FA00F53E64 = {
						CreatedOnToolsVersion = 6.3.2;
					};
					4A7BE4261B76F5FB00F53E64 = {
						CreatedOnToolsVersion = 6.3.2;
						TestTargetID = 4A7BE40D1B76F5FA00F53E64;
					};
				};
			};
			buildConfigurationList = 4A7BE4091B76F5FA00F53E64 /* Build configuration list for PBXProject "shipin" */;
			compatibilityVersion = "Xcode 3.2";
			developmentRegion = English;
			hasScannedForEncodings = 0;
			knownRegions = (
				en,
				Base,
			);
			mainGroup = 4A7BE4051B76F5FA00F53E64;
			productRefGroup = 4A7BE40F1B76F5FA00F53E64 /* Products */;
			projectDirPath = "";
			projectRoot = "";
			targets = (
				4A7BE40D1B76F5FA00F53E64 /* shipin */,
				4A7BE4261B76F5FB00F53E64 /* shipinTests */,
			);
		};
/* End PBXProject section */

/* Begin PBXResourcesBuildPhase section */
		4A7BE40C1B76F5FA00F53E64 /* Resources */ = {
			isa = PBXResourcesBuildPhase;
			buildActionMask = 2147483647;
			files = (
				4A7BE41D1B76F5FA00F53E64 /* Main.storyboard in Resources */,
				4A6B40951B78A052004DDD3D /* Avenueofstars.storyboard in Resources */,
				4A7BE4221B76F5FA00F53E64 /* LaunchScreen.xib in Resources */,
				4A6B40CA1B79D777004DDD3D /* 底.png in Resources */,
				4A6B40FA1B7C864C004DDD3D /* 模特大赛图标.png in Resources */,
				4A6B40FE1B7C8689004DDD3D /* 星光大道图标.png in Resources */,
				4A6B40FC1B7C8658004DDD3D /* 最美童声图标.png in Resources */,
				4A6B40C51B798555004DDD3D /* a.png in Resources */,
				4A6B40CE1B79DBEC004DDD3D /* 详情说明.png in Resources */,
				4A6B40EF1B7B80F2004DDD3D /* Jjian.xib in Resources */,
				4A7BE41F1B76F5FA00F53E64 /* Images.xcassets in Resources */,
			);
			runOnlyForDeploymentPostprocessing = 0;
		};
		4A7BE4251B76F5FB00F53E64 /* Resources */ = {
			isa = PBXResourcesBuildPhase;
			buildActionMask = 2147483647;
			files = (
			);
			runOnlyForDeploymentPostprocessing = 0;
		};
/* End PBXResourcesBuildPhase section */

/* Begin PBXSourcesBuildPhase section */
		4A7BE40A1B76F5FA00F53E64 /* Sources */ = {
			isa = PBXSourcesBuildPhase;
			buildActionMask = 2147483647;
			files = (
				4A6B40E71B7B24B4004DDD3D /* ChiDCollectionReusableView.m in Sources */,
				4A6B40E41B7B23E0004DDD3D /* ChiDCollectionViewController.m in Sources */,
				4A7BE41A1B76F5FA00F53E64 /* ViewController.m in Sources */,
				4A6B40D41B7AED26004DDD3D /* AVPlayTableViewController.m in Sources */,
				4A6B40D71B7AF043004DDD3D /* AVTableViewCell.m in Sources */,
				4A6B40ED1B7B7E13004DDD3D /* dddCollectionViewCell.m in Sources */,
				4A6B409C1B78A4C5004DDD3D /* StarsCollectionHeaderView.m in Sources */,
				4A6B40EA1B7B30D8004DDD3D /* ShowStart.m in Sources */,
				4A6B40991B78A338004DDD3D /* AvenueofastarsCollection.m in Sources */,
				4A7BE4171B76F5FA00F53E64 /* AppDelegate.m in Sources */,
				4A7BE4141B76F5FA00F53E64 /* main.m in Sources */,
				4A6B40F21B7B880C004DDD3D /* AvenuefaCollectionViewCell.m in Sources */,
				8F5030A61BAFFB4E00F7E08A /* EnrollViewController.m in Sources */,
			);
			runOnlyForDeploymentPostprocessing = 0;
		};
		4A7BE4231B76F5FB00F53E64 /* Sources */ = {
			isa = PBXSourcesBuildPhase;
			buildActionMask = 2147483647;
			files = (
				4A7BE42E1B76F5FB00F53E64 /* shipinTests.m in Sources */,
			);
			runOnlyForDeploymentPostprocessing = 0;
		};
/* End PBXSourcesBuildPhase section */

/* Begin PBXTargetDependency section */
		4A7BE4291B76F5FB00F53E64 /* PBXTargetDependency */ = {
			isa = PBXTargetDependency;
			target = 4A7BE40D1B76F5FA00F53E64 /* shipin */;
			targetProxy = 4A7BE4281B76F5FB00F53E64 /* PBXContainerItemProxy */;
		};
/* End PBXTargetDependency section */

/* Begin PBXVariantGroup section */
		4A7BE41B1B76F5FA00F53E64 /* Main.storyboard */ = {
			isa = PBXVariantGroup;
			children = (
				4A7BE41C1B76F5FA00F53E64 /* Base */,
			);
			name = Main.storyboard;
			sourceTree = "<group>";
		};
		4A7BE4201B76F5FA00F53E64 /* LaunchScreen.xib */ = {
			isa = PBXVariantGroup;
			children = (
				4A7BE4211B76F5FA00F53E64 /* Base */,
			);
			name = LaunchScreen.xib;
			sourceTree = "<group>";
		};
/* End PBXVariantGroup section */

/* Begin XCBuildConfiguration section */
		4A7BE42F1B76F5FB00F53E64 /* Debug */ = {
			isa = XCBuildConfiguration;
			buildSettings = {
				ALWAYS_SEARCH_USER_PATHS = NO;
				CLANG_CXX_LANGUAGE_STANDARD = "gnu++0x";
				CLANG_CXX_LIBRARY = "libc++";
				CLANG_ENABLE_MODULES = YES;
				CLANG_ENABLE_OBJC_ARC = YES;
				CLANG_WARN_BOOL_CONVERSION = YES;
				CLANG_WARN_CONSTANT_CONVERSION = YES;
				CLANG_WARN_DIRECT_OBJC_ISA_USAGE = YES_ERROR;
				CLANG_WARN_EMPTY_BODY = YES;
				CLANG_WARN_ENUM_CONVERSION = YES;
				CLANG_WARN_INT_CONVERSION = YES;
				CLANG_WARN_OBJC_ROOT_CLASS = YES_ERROR;
				CLANG_WARN_UNREACHABLE_CODE = YES;
				CLANG_WARN__DUPLICATE_METHOD_MATCH = YES;
				"CODE_SIGN_IDENTITY[sdk=iphoneos*]" = "iPhone Developer";
				COPY_PHASE_STRIP = NO;
				DEBUG_INFORMATION_FORMAT = "dwarf-with-dsym";
				ENABLE_BITCODE = NO;
				ENABLE_STRICT_OBJC_MSGSEND = YES;
				GCC_C_LANGUAGE_STANDARD = gnu99;
				GCC_DYNAMIC_NO_PIC = NO;
				GCC_NO_COMMON_BLOCKS = YES;
				GCC_OPTIMIZATION_LEVEL = 0;
				GCC_PREPROCESSOR_DEFINITIONS = (
					"DEBUG=1",
					"$(inherited)",
				);
				GCC_SYMBOLS_PRIVATE_EXTERN = NO;
				GCC_WARN_64_TO_32_BIT_CONVERSION = YES;
				GCC_WARN_ABOUT_RETURN_TYPE = YES_ERROR;
				GCC_WARN_UNDECLARED_SELECTOR = YES;
				GCC_WARN_UNINITIALIZED_AUTOS = YES_AGGRESSIVE;
				GCC_WARN_UNUSED_FUNCTION = YES;
				GCC_WARN_UNUSED_VARIABLE = YES;
				IPHONEOS_DEPLOYMENT_TARGET = 8.3;
				MTL_ENABLE_DEBUG_INFO = YES;
				ONLY_ACTIVE_ARCH = YES;
				SDKROOT = iphoneos;
				TARGETED_DEVICE_FAMILY = "1,2";
			};
			name = Debug;
		};
		4A7BE4301B76F5FB00F53E64 /* Release */ = {
			isa = XCBuildConfiguration;
			buildSettings = {
				ALWAYS_SEARCH_USER_PATHS = NO;
				CLANG_CXX_LANGUAGE_STANDARD = "gnu++0x";
				CLANG_CXX_LIBRARY = "libc++";
				CLANG_ENABLE_MODULES = YES;
				CLANG_ENABLE_OBJC_ARC = YES;
				CLANG_WARN_BOOL_CONVERSION = YES;
				CLANG_WARN_CONSTANT_CONVERSION = YES;
				CLANG_WARN_DIRECT_OBJC_ISA_USAGE = YES_ERROR;
				CLANG_WARN_EMPTY_BODY = YES;
				CLANG_WARN_ENUM_CONVERSION = YES;
				CLANG_WARN_INT_CONVERSION = YES;
				CLANG_WARN_OBJC_ROOT_CLASS = YES_ERROR;
				CLANG_WARN_UNREACHABLE_CODE = YES;
				CLANG_WARN__DUPLICATE_METHOD_MATCH = YES;
				"CODE_SIGN_IDENTITY[sdk=iphoneos*]" = "iPhone Developer";
				COPY_PHASE_STRIP = NO;
				DEBUG_INFORMATION_FORMAT = "dwarf-with-dsym";
				ENABLE_BITCODE = NO;
				ENABLE_NS_ASSERTIONS = NO;
				ENABLE_STRICT_OBJC_MSGSEND = YES;
				GCC_C_LANGUAGE_STANDARD = gnu99;
				GCC_NO_COMMON_BLOCKS = YES;
				GCC_WARN_64_TO_32_BIT_CONVERSION = YES;
				GCC_WARN_ABOUT_RETURN_TYPE = YES_ERROR;
				GCC_WARN_UNDECLARED_SELECTOR = YES;
				GCC_WARN_UNINITIALIZED_AUTOS = YES_AGGRESSIVE;
				GCC_WARN_UNUSED_FUNCTION = YES;
				GCC_WARN_UNUSED_VARIABLE = YES;
				IPHONEOS_DEPLOYMENT_TARGET = 8.3;
				MTL_ENABLE_DEBUG_INFO = NO;
				SDKROOT = iphoneos;
				TARGETED_DEVICE_FAMILY = "1,2";
				VALIDATE_PRODUCT = YES;
			};
			name = Release;
		};
		4A7BE4321B76F5FB00F53E64 /* Debug */ = {
			isa = XCBuildConfiguration;
			buildSettings = {
				ASSETCATALOG_COMPILER_APPICON_NAME = AppIcon;
				INFOPLIST_FILE = shipin/Info.plist;
				LD_RUNPATH_SEARCH_PATHS = "$(inherited) @executable_path/Frameworks";
				PRODUCT_NAME = "$(TARGET_NAME)";
			};
			name = Debug;
		};
		4A7BE4331B76F5FB00F53E64 /* Release */ = {
			isa = XCBuildConfiguration;
			buildSettings = {
				ASSETCATALOG_COMPILER_APPICON_NAME = AppIcon;
				INFOPLIST_FILE = shipin/Info.plist;
				LD_RUNPATH_SEARCH_PATHS = "$(inherited) @executable_path/Frameworks";
				PRODUCT_NAME = "$(TARGET_NAME)";
			};
			name = Release;
		};
		4A7BE4351B76F5FB00F53E64 /* Debug */ = {
			isa = XCBuildConfiguration;
			buildSettings = {
				BUNDLE_LOADER = "$(TEST_HOST)";
				FRAMEWORK_SEARCH_PATHS = (
					"$(SDKROOT)/Developer/Library/Frameworks",
					"$(inherited)",
				);
				GCC_PREPROCESSOR_DEFINITIONS = (
					"DEBUG=1",
					"$(inherited)",
				);
				INFOPLIST_FILE = shipinTests/Info.plist;
				LD_RUNPATH_SEARCH_PATHS = "$(inherited) @executable_path/Frameworks @loader_path/Frameworks";
				PRODUCT_NAME = "$(TARGET_NAME)";
				TEST_HOST = "$(BUILT_PRODUCTS_DIR)/shipin.app/shipin";
			};
			name = Debug;
		};
		4A7BE4361B76F5FB00F53E64 /* Release */ = {
			isa = XCBuildConfiguration;
			buildSettings = {
				BUNDLE_LOADER = "$(TEST_HOST)";
				FRAMEWORK_SEARCH_PATHS = (
					"$(SDKROOT)/Developer/Library/Frameworks",
					"$(inherited)",
				);
				INFOPLIST_FILE = shipinTests/Info.plist;
				LD_RUNPATH_SEARCH_PATHS = "$(inherited) @executable_path/Frameworks @loader_path/Frameworks";
				PRODUCT_NAME = "$(TARGET_NAME)";
				TEST_HOST = "$(BUILT_PRODUCTS_DIR)/shipin.app/shipin";
			};
			name = Release;
		};
/* End XCBuildConfiguration section */

/* Begin XCConfigurationList section */
		4A7BE4091B76F5FA00F53E64 /* Build configuration list for PBXProject "shipin" */ = {
			isa = XCConfigurationList;
			buildConfigurations = (
				4A7BE42F1B76F5FB00F53E64 /* Debug */,
				4A7BE4301B76F5FB00F53E64 /* Release */,
			);
			defaultConfigurationIsVisible = 0;
			defaultConfigurationName = Release;
		};
		4A7BE4311B76F5FB00F53E64 /* Build configuration list for PBXNativeTarget "shipin" */ = {
			isa = XCConfigurationList;
			buildConfigurations = (
				4A7BE4321B76F5FB00F53E64 /* Debug */,
				4A7BE4331B76F5FB00F53E64 /* Release */,
			);
			defaultConfigurationIsVisible = 0;
			defaultConfigurationName = Release;
		};
		4A7BE4341B76F5FB00F53E64 /* Build configuration list for PBXNativeTarget "shipinTests" */ = {
			isa = XCConfigurationList;
			buildConfigurations = (
				4A7BE4351B76F5FB00F53E64 /* Debug */,
				4A7BE4361B76F5FB00F53E64 /* Release */,
			);
			defaultConfigurationIsVisible = 0;
			defaultConfigurationName = Release;
		};
/* End XCConfigurationList section */
	};
	rootObject = 4A7BE4061B76F5FA00F53E64 /* Project object */;
}
